
Microsoft Visual Studio Solution File, Format Version 11.00
# Visual Studio 2010
Project("{FAE04EC0-301F-11D3-BF4B-00C04F79EFBC}") = "Windows", "Windows\Windows.csproj", "{4FA9BBA4-190C-4289-9163-4FD684F3A549}"
EndProject
Global
	GlobalSection(SolutionConfigurationPlatforms) = preSolution
		Debug|Any CPU = Debug|Any CPU
		Release|Any CPU = Release|Any CPU
	EndGlobalSection
	GlobalSection(ProjectConfigurationPlatforms) = postSolution
		{4FA9BBA4-190C-4289-9163-4FD684F3A549}.Debug|Any CPU.ActiveCfg = Debug|Any CPU
		{4FA9BBA4-190C-4289-9163-4FD684F3A549}.Debug|Any CPU.Build.0 = Debug|Any CPU
		{4FA9BBA4-190C-4289-9163-4FD684F3A549}.Release|Any CPU.ActiveCfg = Release|Any CPU
		{4FA9BBA4-190C-4289-9163-4FD684F3A549}.Release|Any CPU.Build.0 = Release|Any CPU
	EndGlobalSection
	GlobalSection(SolutionProperties) = preSolution
		HideSolutionNode = FALSE
	EndGlobalSection
EndGlobal
